
Microsoft Visual Studio Solution File, Format Version 12.00
# Visual Studio 15
VisualStudioVersion = 15.0.27004.2006
MinimumVisualStudioVersion = 10.0.40219.1
Project("{9A19103F-16F7-4668-BE54-9A1E7A4F7556}") = "ConsoleTest", "ConsoleTest\ConsoleTest.csproj", "{BE45768C-1F33-4EBA-8A51-1A2DE6122A72}"
EndProject
Project("{9A19103F-16F7-4668-BE54-9A1E7A4F7556}") = "DataTypes", "Datatypes\DataTypes.csproj", "{EBAA79A6-70D6-4A03-BE88-D4F9ACD7D9CE}"
EndProject
Project("{9A19103F-16F7-4668-BE54-9A1E7A4F7556}") = "Sandbox", "Sandbox\Sandbox.csproj", "{EA641B87-BF49-466C-BFC4-4D80FDBC8E5F}"
EndProject
Project("{FAE04EC0-301F-11D3-BF4B-00C04F79EFBC}") = "Comparison", "Comparison\Comparison.csproj", "{451C5FA3-F503-400D-B7C8-457AB255EBAF}"
EndProject
Project("{FAE04EC0-301F-11D3-BF4B-00C04F79EFBC}") = "LoginForm2", "LoginForm2\LoginForm2.csproj", "{51AF6DC1-3C93-40D8-8909-82C56FCB9A94}"
EndProject
Project("{FAE04EC0-301F-11D3-BF4B-00C04F79EFBC}") = "ConsoleGame", "SwitchCase\ConsoleGame.csproj", "{27C2E736-F624-4571-AF9B-AABBBBFC2823}"
EndProject
Project("{FAE04EC0-301F-11D3-BF4B-00C04F79EFBC}") = "ConsoleGame2P", "ConsoleGame2P\ConsoleGame2P.csproj", "{C572758A-9EAB-40E4-BFA4-5FEED3B3045B}"
EndProject
Project("{FAE04EC0-301F-11D3-BF4B-00C04F79EFBC}") = "Array", "Array\Array.csproj", "{232A3C9A-80DA-4BCC-85A4-B94B456BBD90}"
EndProject
Project("{FAE04EC0-301F-11D3-BF4B-00C04F79EFBC}") = "Loops", "Loops\Loops.csproj", "{6204A83D-86B7-4CD0-B7C3-ECD4612B89A0}"
EndProject
Project("{FAE04EC0-301F-11D3-BF4B-00C04F79EFBC}") = "ForLoop", "ForLoop\ForLoop.csproj", "{411536B6-B7B7-412D-8E05-98C1CF6DF763}"
EndProject
Project("{FAE04EC0-301F-11D3-BF4B-00C04F79EFBC}") = "Herhalingsopdracht", "Herhalingsopdracht\Herhalingsopdracht.csproj", "{10609C7F-3E22-423E-B2F7-9F22F2D014F0}"
EndProject
Project("{FAE04EC0-301F-11D3-BF4B-00C04F79EFBC}") = "InputV2", "InputV2\InputV2.csproj", "{D5FA55E1-3836-4A99-98F9-49D8B38609D7}"
EndProject
Project("{FAE04EC0-301F-11D3-BF4B-00C04F79EFBC}") = "OddEven", "OddEven\OddEven.csproj", "{6CE70689-C700-4CE0-80D1-5BB433D174E8}"
EndProject
Project("{FAE04EC0-301F-11D3-BF4B-00C04F79EFBC}") = "FizzBuzz", "FizzBuzz\FizzBuzz.csproj", "{F41429A0-F32E-4F4D-85DD-9E42B9730C58}"
EndProject
Project("{FAE04EC0-301F-11D3-BF4B-00C04F79EFBC}") = "ThrowDie", "ThrowDie\ThrowDie.csproj", "{2EDC3981-F55E-4F41-A8D8-B67E06F96D26}"
EndProject
Project("{FAE04EC0-301F-11D3-BF4B-00C04F79EFBC}") = "GuessTheNumber", "GuessTheNumber\GuessTheNumber.csproj", "{2D70B51E-175E-46D6-A9F0-947073783C26}"
EndProject
Global
	GlobalSection(SolutionConfigurationPlatforms) = preSolution
		Debug|Any CPU = Debug|Any CPU
		Release|Any CPU = Release|Any CPU
	EndGlobalSection
	GlobalSection(ProjectConfigurationPlatforms) = postSolution
		{BE45768C-1F33-4EBA-8A51-1A2DE6122A72}.Debug|Any CPU.ActiveCfg = Debug|Any CPU
		{BE45768C-1F33-4EBA-8A51-1A2DE6122A72}.Debug|Any CPU.Build.0 = Debug|Any CPU
		{BE45768C-1F33-4EBA-8A51-1A2DE6122A72}.Release|Any CPU.ActiveCfg = Release|Any CPU
		{BE45768C-1F33-4EBA-8A51-1A2DE6122A72}.Release|Any CPU.Build.0 = Release|Any CPU
		{EBAA79A6-70D6-4A03-BE88-D4F9ACD7D9CE}.Debug|Any CPU.ActiveCfg = Debug|Any CPU
		{EBAA79A6-70D6-4A03-BE88-D4F9ACD7D9CE}.Debug|Any CPU.Build.0 = Debug|Any CPU
		{EBAA79A6-70D6-4A03-BE88-D4F9ACD7D9CE}.Release|Any CPU.ActiveCfg = Release|Any CPU
		{EBAA79A6-70D6-4A03-BE88-D4F9ACD7D9CE}.Release|Any CPU.Build.0 = Release|Any CPU
		{EA641B87-BF49-466C-BFC4-4D80FDBC8E5F}.Debug|Any CPU.ActiveCfg = Debug|Any CPU
		{EA641B87-BF49-466C-BFC4-4D80FDBC8E5F}.Debug|Any CPU.Build.0 = Debug|Any CPU
		{EA641B87-BF49-466C-BFC4-4D80FDBC8E5F}.Release|Any CPU.ActiveCfg = Release|Any CPU
		{EA641B87-BF49-466C-BFC4-4D80FDBC8E5F}.Release|Any CPU.Build.0 = Release|Any CPU
		{451C5FA3-F503-400D-B7C8-457AB255EBAF}.Debug|Any CPU.ActiveCfg = Debug|Any CPU
		{451C5FA3-F503-400D-B7C8-457AB255EBAF}.Debug|Any CPU.Build.0 = Debug|Any CPU
		{451C5FA3-F503-400D-B7C8-457AB255EBAF}.Release|Any CPU.ActiveCfg = Release|Any CPU
		{451C5FA3-F503-400D-B7C8-457AB255EBAF}.Release|Any CPU.Build.0 = Release|Any CPU
		{51AF6DC1-3C93-40D8-8909-82C56FCB9A94}.Debug|Any CPU.ActiveCfg = Debug|Any CPU
		{51AF6DC1-3C93-40D8-8909-82C56FCB9A94}.Debug|Any CPU.Build.0 = Debug|Any CPU
		{51AF6DC1-3C93-40D8-8909-82C56FCB9A94}.Release|Any CPU.ActiveCfg = Release|Any CPU
		{51AF6DC1-3C93-40D8-8909-82C56FCB9A94}.Release|Any CPU.Build.0 = Release|Any CPU
		{27C2E736-F624-4571-AF9B-AABBBBFC2823}.Debug|Any CPU.ActiveCfg = Debug|Any CPU
		{27C2E736-F624-4571-AF9B-AABBBBFC2823}.Debug|Any CPU.Build.0 = Debug|Any CPU
		{27C2E736-F624-4571-AF9B-AABBBBFC2823}.Release|Any CPU.ActiveCfg = Release|Any CPU
		{27C2E736-F624-4571-AF9B-AABBBBFC2823}.Release|Any CPU.Build.0 = Release|Any CPU
		{C572758A-9EAB-40E4-BFA4-5FEED3B3045B}.Debug|Any CPU.ActiveCfg = Debug|Any CPU
		{C572758A-9EAB-40E4-BFA4-5FEED3B3045B}.Debug|Any CPU.Build.0 = Debug|Any CPU
		{C572758A-9EAB-40E4-BFA4-5FEED3B3045B}.Release|Any CPU.ActiveCfg = Release|Any CPU
		{C572758A-9EAB-40E4-BFA4-5FEED3B3045B}.Release|Any CPU.Build.0 = Release|Any CPU
		{232A3C9A-80DA-4BCC-85A4-B94B456BBD90}.Debug|Any CPU.ActiveCfg = Debug|Any CPU
		{232A3C9A-80DA-4BCC-85A4-B94B456BBD90}.Debug|Any CPU.Build.0 = Debug|Any CPU
		{232A3C9A-80DA-4BCC-85A4-B94B456BBD90}.Release|Any CPU.ActiveCfg = Release|Any CPU
		{232A3C9A-80DA-4BCC-85A4-B94B456BBD90}.Release|Any CPU.Build.0 = Release|Any CPU
		{6204A83D-86B7-4CD0-B7C3-ECD4612B89A0}.Debug|Any CPU.ActiveCfg = Debug|Any CPU
		{6204A83D-86B7-4CD0-B7C3-ECD4612B89A0}.Debug|Any CPU.Build.0 = Debug|Any CPU
		{6204A83D-86B7-4CD0-B7C3-ECD4612B89A0}.Release|Any CPU.ActiveCfg = Release|Any CPU
		{6204A83D-86B7-4CD0-B7C3-ECD4612B89A0}.Release|Any CPU.Build.0 = Release|Any CPU
		{411536B6-B7B7-412D-8E05-98C1CF6DF763}.Debug|Any CPU.ActiveCfg = Debug|Any CPU
		{411536B6-B7B7-412D-8E05-98C1CF6DF763}.Debug|Any CPU.Build.0 = Debug|Any CPU
		{411536B6-B7B7-412D-8E05-98C1CF6DF763}.Release|Any CPU.ActiveCfg = Release|Any CPU
		{411536B6-B7B7-412D-8E05-98C1CF6DF763}.Release|Any CPU.Build.0 = Release|Any CPU
		{10609C7F-3E22-423E-B2F7-9F22F2D014F0}.Debug|Any CPU.ActiveCfg = Debug|Any CPU
		{10609C7F-3E22-423E-B2F7-9F22F2D014F0}.Debug|Any CPU.Build.0 = Debug|Any CPU
		{10609C7F-3E22-423E-B2F7-9F22F2D014F0}.Release|Any CPU.ActiveCfg = Release|Any CPU
		{10609C7F-3E22-423E-B2F7-9F22F2D014F0}.Release|Any CPU.Build.0 = Release|Any CPU
		{D5FA55E1-3836-4A99-98F9-49D8B38609D7}.Debug|Any CPU.ActiveCfg = Debug|Any CPU
		{D5FA55E1-3836-4A99-98F9-49D8B38609D7}.Debug|Any CPU.Build.0 = Debug|Any CPU
		{D5FA55E1-3836-4A99-98F9-49D8B38609D7}.Release|Any CPU.ActiveCfg = Release|Any CPU
		{D5FA55E1-3836-4A99-98F9-49D8B38609D7}.Release|Any CPU.Build.0 = Release|Any CPU
		{6CE70689-C700-4CE0-80D1-5BB433D174E8}.Debug|Any CPU.ActiveCfg = Debug|Any CPU
		{6CE70689-C700-4CE0-80D1-5BB433D174E8}.Debug|Any CPU.Build.0 = Debug|Any CPU
		{6CE70689-C700-4CE0-80D1-5BB433D174E8}.Release|Any CPU.ActiveCfg = Release|Any CPU
		{6CE70689-C700-4CE0-80D1-5BB433D174E8}.Release|Any CPU.Build.0 = Release|Any CPU
		{F41429A0-F32E-4F4D-85DD-9E42B9730C58}.Debug|Any CPU.ActiveCfg = Debug|Any CPU
		{F41429A0-F32E-4F4D-85DD-9E42B9730C58}.Debug|Any CPU.Build.0 = Debug|Any CPU
		{F41429A0-F32E-4F4D-85DD-9E42B9730C58}.Release|Any CPU.ActiveCfg = Release|Any CPU
		{F41429A0-F32E-4F4D-85DD-9E42B9730C58}.Release|Any CPU.Build.0 = Release|Any CPU
		{2EDC3981-F55E-4F41-A8D8-B67E06F96D26}.Debug|Any CPU.ActiveCfg = Debug|Any CPU
		{2EDC3981-F55E-4F41-A8D8-B67E06F96D26}.Debug|Any CPU.Build.0 = Debug|Any CPU
		{2EDC3981-F55E-4F41-A8D8-B67E06F96D26}.Release|Any CPU.ActiveCfg = Release|Any CPU
		{2EDC3981-F55E-4F41-A8D8-B67E06F96D26}.Release|Any CPU.Build.0 = Release|Any CPU
		{2D70B51E-175E-46D6-A9F0-947073783C26}.Debug|Any CPU.ActiveCfg = Debug|Any CPU
		{2D70B51E-175E-46D6-A9F0-947073783C26}.Debug|Any CPU.Build.0 = Debug|Any CPU
		{2D70B51E-175E-46D6-A9F0-947073783C26}.Release|Any CPU.ActiveCfg = Release|Any CPU
		{2D70B51E-175E-46D6-A9F0-947073783C26}.Release|Any CPU.Build.0 = Release|Any CPU
	EndGlobalSection
	GlobalSection(SolutionProperties) = preSolution
		HideSolutionNode = FALSE
	EndGlobalSection
	GlobalSection(ExtensibilityGlobals) = postSolution
		SolutionGuid = {CF8984CF-CB80-47F8-8042-8F6AE9332DE1}
	EndGlobalSection
EndGlobal
